
Microsoft Visual Studio Solution File, Format Version 12.00
# Visual Studio 15
VisualStudioVersion = 15.0.26730.12
MinimumVisualStudioVersion = 10.0.40219.1
Project("{FAE04EC0-301F-11D3-BF4B-00C04F79EFBC}") = "Lab2_Stocks", "Lab2_Stocks\Lab2_Stocks.csproj", "{89CF6DF7-D56E-4019-8AA9-6E435A078480}"
EndProject
Project("{FAE04EC0-301F-11D3-BF4B-00C04F79EFBC}") = "EventExample", "EventExample\EventExample.csproj", "{BDD14496-1899-4B1F-BC04-EEF420FB77EE}"
EndProject
Project("{FAE04EC0-301F-11D3-BF4B-00C04F79EFBC}") = "Lab3_Fitness_Membership", "Lab3_Fitness_Membership\Lab3_Fitness_Membership.csproj", "{33D1B448-F419-4675-903B-C4A1715DC29B}"
EndProject
Project("{FAE04EC0-301F-11D3-BF4B-00C04F79EFBC}") = "Lab3_Demo", "Lab3_Demo\Lab3_Demo.csproj", "{2367D8C9-6E01-411F-B722-7A09EB248E92}"
EndProject
Project("{FAE04EC0-301F-11D3-BF4B-00C04F79EFBC}") = "Lab4_Customer_Maintenance_WPF", "Lab4_Customer_Maintenance_WPF\Lab4_Customer_Maintenance_WPF.csproj", "{4ED6BF2C-20D3-477B-9F73-9B974F0742F0}"
EndProject
Project("{FAE04EC0-301F-11D3-BF4B-00C04F79EFBC}") = "Lab4_Test", "Lab4_Test\Lab4_Test.csproj", "{C973320A-9862-4029-9A94-1F0C8E26DB86}"
EndProject
Global
	GlobalSection(SolutionConfigurationPlatforms) = preSolution
		Debug|Any CPU = Debug|Any CPU
		Release|Any CPU = Release|Any CPU
	EndGlobalSection
	GlobalSection(ProjectConfigurationPlatforms) = postSolution
		{89CF6DF7-D56E-4019-8AA9-6E435A078480}.Debug|Any CPU.ActiveCfg = Debug|Any CPU
		{89CF6DF7-D56E-4019-8AA9-6E435A078480}.Debug|Any CPU.Build.0 = Debug|Any CPU
		{89CF6DF7-D56E-4019-8AA9-6E435A078480}.Release|Any CPU.ActiveCfg = Release|Any CPU
		{89CF6DF7-D56E-4019-8AA9-6E435A078480}.Release|Any CPU.Build.0 = Release|Any CPU
		{BDD14496-1899-4B1F-BC04-EEF420FB77EE}.Debug|Any CPU.ActiveCfg = Debug|Any CPU
		{BDD14496-1899-4B1F-BC04-EEF420FB77EE}.Debug|Any CPU.Build.0 = Debug|Any CPU
		{BDD14496-1899-4B1F-BC04-EEF420FB77EE}.Release|Any CPU.ActiveCfg = Release|Any CPU
		{BDD14496-1899-4B1F-BC04-EEF420FB77EE}.Release|Any CPU.Build.0 = Release|Any CPU
		{33D1B448-F419-4675-903B-C4A1715DC29B}.Debug|Any CPU.ActiveCfg = Debug|Any CPU
		{33D1B448-F419-4675-903B-C4A1715DC29B}.Debug|Any CPU.Build.0 = Debug|Any CPU
		{33D1B448-F419-4675-903B-C4A1715DC29B}.Release|Any CPU.ActiveCfg = Release|Any CPU
		{33D1B448-F419-4675-903B-C4A1715DC29B}.Release|Any CPU.Build.0 = Release|Any CPU
		{2367D8C9-6E01-411F-B722-7A09EB248E92}.Debug|Any CPU.ActiveCfg = Debug|Any CPU
		{2367D8C9-6E01-411F-B722-7A09EB248E92}.Debug|Any CPU.Build.0 = Debug|Any CPU
		{2367D8C9-6E01-411F-B722-7A09EB248E92}.Release|Any CPU.ActiveCfg = Release|Any CPU
		{2367D8C9-6E01-411F-B722-7A09EB248E92}.Release|Any CPU.Build.0 = Release|Any CPU
		{4ED6BF2C-20D3-477B-9F73-9B974F0742F0}.Debug|Any CPU.ActiveCfg = Debug|Any CPU
		{4ED6BF2C-20D3-477B-9F73-9B974F0742F0}.Debug|Any CPU.Build.0 = Debug|Any CPU
		{4ED6BF2C-20D3-477B-9F73-9B974F0742F0}.Release|Any CPU.ActiveCfg = Release|Any CPU
		{4ED6BF2C-20D3-477B-9F73-9B974F0742F0}.Release|Any CPU.Build.0 = Release|Any CPU
		{C973320A-9862-4029-9A94-1F0C8E26DB86}.Debug|Any CPU.ActiveCfg = Debug|Any CPU
		{C973320A-9862-4029-9A94-1F0C8E26DB86}.Debug|Any CPU.Build.0 = Debug|Any CPU
		{C973320A-9862-4029-9A94-1F0C8E26DB86}.Release|Any CPU.ActiveCfg = Release|Any CPU
		{C973320A-9862-4029-9A94-1F0C8E26DB86}.Release|Any CPU.Build.0 = Release|Any CPU
	EndGlobalSection
	GlobalSection(SolutionProperties) = preSolution
		HideSolutionNode = FALSE
	EndGlobalSection
	GlobalSection(ExtensibilityGlobals) = postSolution
		SolutionGuid = {8D0305BC-65A9-495B-813E-F988A89B3C8B}
	EndGlobalSection
EndGlobal
